
Microsoft Visual Studio Solution File, Format Version 12.00
# Visual Studio Version 16
VisualStudioVersion = 16.0.31205.134
MinimumVisualStudioVersion = 10.0.40219.1
Project("{FAE04EC0-301F-11D3-BF4B-00C04F79EFBC}") = "TodoApi", "TodoApi\TodoApi.csproj", "{D9524CC7-A1E1-491F-B0B2-691E2CF6A395}"
EndProject
Global
	GlobalSection(SolutionConfigurationPlatforms) = preSolution
		Debug|Any CPU = Debug|Any CPU
		Release|Any CPU = Release|Any CPU
	EndGlobalSection
	GlobalSection(ProjectConfigurationPlatforms) = postSolution
		{D9524CC7-A1E1-491F-B0B2-691E2CF6A395}.Debug|Any CPU.ActiveCfg = Debug|Any CPU
		{D9524CC7-A1E1-491F-B0B2-691E2CF6A395}.Debug|Any CPU.Build.0 = Debug|Any CPU
		{D9524CC7-A1E1-491F-B0B2-691E2CF6A395}.Release|Any CPU.ActiveCfg = Release|Any CPU
		{D9524CC7-A1E1-491F-B0B2-691E2CF6A395}.Release|Any CPU.Build.0 = Release|Any CPU
	EndGlobalSection
	GlobalSection(SolutionProperties) = preSolution
		HideSolutionNode = FALSE
	EndGlobalSection
	GlobalSection(ExtensibilityGlobals) = postSolution
		SolutionGuid = {A1895A50-DBD0-48DF-8EAD-CBA6E9774E78}
	EndGlobalSection
EndGlobal
