
Microsoft Visual Studio Solution File, Format Version 12.00
# Visual Studio Version 16
VisualStudioVersion = 16.0.31129.286
MinimumVisualStudioVersion = 10.0.40219.1
Project("{FAE04EC0-301F-11D3-BF4B-00C04F79EFBC}") = "ByteBank.SistemaAgencia", "ByteBank.SistemaAgencia\ByteBank.SistemaAgencia.csproj", "{1489CEA3-4A1D-477C-A3BE-C5CCC15F4570}"
EndProject
Project("{FAE04EC0-301F-11D3-BF4B-00C04F79EFBC}") = "ByteBank.Modelos", "ByteBank.Modelos\ByteBank.Modelos.csproj", "{2357BB76-F549-4C57-9C22-E648317C7007}"
EndProject
Global
	GlobalSection(SolutionConfigurationPlatforms) = preSolution
		Debug|Any CPU = Debug|Any CPU
		Release|Any CPU = Release|Any CPU
	EndGlobalSection
	GlobalSection(ProjectConfigurationPlatforms) = postSolution
		{1489CEA3-4A1D-477C-A3BE-C5CCC15F4570}.Debug|Any CPU.ActiveCfg = Debug|Any CPU
		{1489CEA3-4A1D-477C-A3BE-C5CCC15F4570}.Debug|Any CPU.Build.0 = Debug|Any CPU
		{1489CEA3-4A1D-477C-A3BE-C5CCC15F4570}.Release|Any CPU.ActiveCfg = Release|Any CPU
		{1489CEA3-4A1D-477C-A3BE-C5CCC15F4570}.Release|Any CPU.Build.0 = Release|Any CPU
		{2357BB76-F549-4C57-9C22-E648317C7007}.Debug|Any CPU.ActiveCfg = Debug|Any CPU
		{2357BB76-F549-4C57-9C22-E648317C7007}.Debug|Any CPU.Build.0 = Debug|Any CPU
		{2357BB76-F549-4C57-9C22-E648317C7007}.Release|Any CPU.ActiveCfg = Release|Any CPU
		{2357BB76-F549-4C57-9C22-E648317C7007}.Release|Any CPU.Build.0 = Release|Any CPU
	EndGlobalSection
	GlobalSection(SolutionProperties) = preSolution
		HideSolutionNode = FALSE
	EndGlobalSection
	GlobalSection(ExtensibilityGlobals) = postSolution
		SolutionGuid = {1A4CB9F4-0AFE-4DB5-880F-90B3BBB4143D}
	EndGlobalSection
EndGlobal
